
Microsoft Visual Studio Solution File, Format Version 12.00
# Visual Studio Version 17
VisualStudioVersion = 17.13.35806.99
MinimumVisualStudioVersion = 10.0.40219.1
Project("{2150E333-8FDC-42A3-9474-1A3956D46DE8}") = "Microservices", "Microservices", "{AEE4BEDF-3DE1-44A3-915C-5F5D092B75EE}"
EndProject
Project("{FAE04EC0-301F-11D3-BF4B-00C04F79EFBC}") = "CoE.Assessment.Domain", "CoE.Assessment.Domain\CoE.Assessment.Domain.csproj", "{CCD6FC42-ACCC-4E32-BA45-85468A593061}"
EndProject
Project("{2150E333-8FDC-42A3-9474-1A3956D46DE8}") = "Infrastructure", "Infrastructure", "{02EA681E-C7D8-13C7-8484-4AC65E1B71E8}"
EndProject
Project("{FAE04EC0-301F-11D3-BF4B-00C04F79EFBC}") = "CoE.Assessment.Infrastructure.Bus", "CoE.Assessment.Infrastructure.Bus\CoE.Assessment.Infrastructure.Bus.csproj", "{54F67FBA-FE26-4C12-A45E-6072E60A36EF}"
EndProject
Project("{FAE04EC0-301F-11D3-BF4B-00C04F79EFBC}") = "CoE.Assessment.Infrastructure.IoC", "CoE.Assessment.Infrastructure.IoC\CoE.Assessment.Infrastructure.IoC.csproj", "{FB7242B0-EBDB-43E2-A26D-D6E5B85FD70D}"
EndProject
Project("{2150E333-8FDC-42A3-9474-1A3956D46DE8}") = "Domain", "Domain", "{7FAE5C2B-89E8-47DE-B2F4-FF87E1640DCD}"
EndProject
Project("{2150E333-8FDC-42A3-9474-1A3956D46DE8}") = "Orders", "Orders", "{65BCA754-9CD5-47A9-880B-86B068EB799E}"
EndProject
Project("{2150E333-8FDC-42A3-9474-1A3956D46DE8}") = "Products", "Products", "{5DE0438D-8FB4-42D4-808D-F2FAB5FFF3E8}"
EndProject
Project("{FAE04EC0-301F-11D3-BF4B-00C04F79EFBC}") = "CoE.Assessment.Orders.Api", "CoE.Assessment.Orders.Api\CoE.Assessment.Orders.Api.csproj", "{3E2AB5EB-51E6-42A7-A040-CF300D1A503E}"
EndProject
Project("{FAE04EC0-301F-11D3-BF4B-00C04F79EFBC}") = "CoE.Assessment.Orders.Application", "CoE.Assessment.Orders.Application\CoE.Assessment.Orders.Application.csproj", "{CFC17B4D-4855-40E7-9305-9389947D504E}"
EndProject
Project("{FAE04EC0-301F-11D3-BF4B-00C04F79EFBC}") = "CoE.Assessment.Orders.Domain", "CoE.Assessment.Orders.Domain\CoE.Assessment.Orders.Domain.csproj", "{759FEABA-FD59-4323-B5ED-EB2E0E7DFEF1}"
EndProject
Project("{FAE04EC0-301F-11D3-BF4B-00C04F79EFBC}") = "CoE.Assessment.Products.Api", "CoE.Assessment.Products.Api\CoE.Assessment.Products.Api.csproj", "{D916113C-0FA6-041A-7000-7F5B098B3FC9}"
EndProject
Project("{FAE04EC0-301F-11D3-BF4B-00C04F79EFBC}") = "CoE.Assessment.Products.Application", "CoE.Assessment.Products.Application\CoE.Assessment.Products.Application.csproj", "{C0313F7A-0EC0-1236-C1D5-9E894BE87AAC}"
EndProject
Project("{FAE04EC0-301F-11D3-BF4B-00C04F79EFBC}") = "CoE.Assessment.Products.Domain", "CoE.Assessment.Products.Domain\CoE.Assessment.Products.Domain.csproj", "{55655842-C169-2235-5544-F0DE34F27D29}"
EndProject
Project("{FAE04EC0-301F-11D3-BF4B-00C04F79EFBC}") = "CoE.Assessment.Orders.Data", "CoE.Assessment.Orders.Data\CoE.Assessment.Orders.Data.csproj", "{1202AD15-1434-44AF-B7BB-C27EB3EF7035}"
EndProject
Project("{2150E333-8FDC-42A3-9474-1A3956D46DE8}") = "SQL", "SQL", "{845FB195-8FBC-4839-A162-035F1B424441}"
EndProject
Project("{00D1A9C2-B5F0-4AF3-8072-F6C62B433612}") = "CoE.Assessment.SQL.Orders", "CoE.Assessment.SQL.Orders\CoE.Assessment.SQL.Orders.sqlproj", "{06AE8C1E-53D9-47D6-A64E-30086AA74482}"
EndProject
Project("{00D1A9C2-B5F0-4AF3-8072-F6C62B433612}") = "CoE.Assessment.SQL.Products", "CoE.Assessment.SQL.Products\CoE.Assessment.SQL.Products.sqlproj", "{86B25809-2B00-40C8-AF35-68A0568648C8}"
EndProject
Project("{00D1A9C2-B5F0-4AF3-8072-F6C62B433612}") = "CoE.Assessment.SQL.Customers", "CoE.Assessment.SQL.Customers\CoE.Assessment.SQL.Customers.sqlproj", "{C3C2B19C-7949-4F5A-B992-EC18E0BD2276}"
EndProject
Project("{2150E333-8FDC-42A3-9474-1A3956D46DE8}") = "Customers", "Customers", "{421574B9-FE1F-4C52-955F-19DFFF8A0A06}"
EndProject
Project("{FAE04EC0-301F-11D3-BF4B-00C04F79EFBC}") = "CoE.Assessment.Customers.Api", "CoE.Assessment.Customers.Api\CoE.Assessment.Customers.Api.csproj", "{D074EA7F-3616-4699-B3ED-80E265F4444D}"
EndProject
Project("{FAE04EC0-301F-11D3-BF4B-00C04F79EFBC}") = "CoE.Assessment.Customers.Application", "CoE.Assessment.Customers.Application\CoE.Assessment.Customers.Application.csproj", "{485B91FB-2787-4CE5-982D-8088702ABE16}"
EndProject
Project("{FAE04EC0-301F-11D3-BF4B-00C04F79EFBC}") = "CoE.Assessment.Customers.Data", "CoE.Assessment.Customers.Data\CoE.Assessment.Customers.Data.csproj", "{02908088-7610-4987-A5B4-B089EBC5C731}"
EndProject
Project("{FAE04EC0-301F-11D3-BF4B-00C04F79EFBC}") = "CoE.Assessment.Customers.Domain", "CoE.Assessment.Customers.Domain\CoE.Assessment.Customers.Domain.csproj", "{7DC8F32A-6F9E-476C-992E-E30D4CD7572A}"
EndProject
Project("{FAE04EC0-301F-11D3-BF4B-00C04F79EFBC}") = "CoE.Assessment.Products.Data", "CoE.Assessment.Products.Data\CoE.Assessment.Products.Data.csproj", "{0A200726-257D-4A86-8CB5-A672FEBC2D89}"
EndProject
Project("{2150E333-8FDC-42A3-9474-1A3956D46DE8}") = "Tests", "Tests", "{ADF8A637-5DD8-4578-A28D-EFCC81249E6A}"
EndProject
Project("{FAE04EC0-301F-11D3-BF4B-00C04F79EFBC}") = "CoE.Assessment.Customers.Tests", "CoE.Assessment.Customers.Tests\CoE.Assessment.Customers.Tests.csproj", "{66F25F57-DF98-477B-B8E6-3F028F9B34A4}"
EndProject
Project("{FAE04EC0-301F-11D3-BF4B-00C04F79EFBC}") = "CoE.Assessment.Orders.Tests", "CoE.Assessment.Orders.Tests\CoE.Assessment.Orders.Tests.csproj", "{66A0D24E-DD84-4EF5-8395-B6D4A86A034C}"
EndProject
Global
	GlobalSection(SolutionConfigurationPlatforms) = preSolution
		Debug|Any CPU = Debug|Any CPU
		Release|Any CPU = Release|Any CPU
	EndGlobalSection
	GlobalSection(ProjectConfigurationPlatforms) = postSolution
		{CCD6FC42-ACCC-4E32-BA45-85468A593061}.Debug|Any CPU.ActiveCfg = Debug|Any CPU
		{CCD6FC42-ACCC-4E32-BA45-85468A593061}.Debug|Any CPU.Build.0 = Debug|Any CPU
		{CCD6FC42-ACCC-4E32-BA45-85468A593061}.Release|Any CPU.ActiveCfg = Release|Any CPU
		{CCD6FC42-ACCC-4E32-BA45-85468A593061}.Release|Any CPU.Build.0 = Release|Any CPU
		{54F67FBA-FE26-4C12-A45E-6072E60A36EF}.Debug|Any CPU.ActiveCfg = Debug|Any CPU
		{54F67FBA-FE26-4C12-A45E-6072E60A36EF}.Debug|Any CPU.Build.0 = Debug|Any CPU
		{54F67FBA-FE26-4C12-A45E-6072E60A36EF}.Release|Any CPU.ActiveCfg = Release|Any CPU
		{54F67FBA-FE26-4C12-A45E-6072E60A36EF}.Release|Any CPU.Build.0 = Release|Any CPU
		{FB7242B0-EBDB-43E2-A26D-D6E5B85FD70D}.Debug|Any CPU.ActiveCfg = Debug|Any CPU
		{FB7242B0-EBDB-43E2-A26D-D6E5B85FD70D}.Debug|Any CPU.Build.0 = Debug|Any CPU
		{FB7242B0-EBDB-43E2-A26D-D6E5B85FD70D}.Release|Any CPU.ActiveCfg = Release|Any CPU
		{FB7242B0-EBDB-43E2-A26D-D6E5B85FD70D}.Release|Any CPU.Build.0 = Release|Any CPU
		{3E2AB5EB-51E6-42A7-A040-CF300D1A503E}.Debug|Any CPU.ActiveCfg = Debug|Any CPU
		{3E2AB5EB-51E6-42A7-A040-CF300D1A503E}.Debug|Any CPU.Build.0 = Debug|Any CPU
		{3E2AB5EB-51E6-42A7-A040-CF300D1A503E}.Release|Any CPU.ActiveCfg = Release|Any CPU
		{3E2AB5EB-51E6-42A7-A040-CF300D1A503E}.Release|Any CPU.Build.0 = Release|Any CPU
		{CFC17B4D-4855-40E7-9305-9389947D504E}.Debug|Any CPU.ActiveCfg = Debug|Any CPU
		{CFC17B4D-4855-40E7-9305-9389947D504E}.Debug|Any CPU.Build.0 = Debug|Any CPU
		{CFC17B4D-4855-40E7-9305-9389947D504E}.Release|Any CPU.ActiveCfg = Release|Any CPU
		{CFC17B4D-4855-40E7-9305-9389947D504E}.Release|Any CPU.Build.0 = Release|Any CPU
		{759FEABA-FD59-4323-B5ED-EB2E0E7DFEF1}.Debug|Any CPU.ActiveCfg = Debug|Any CPU
		{759FEABA-FD59-4323-B5ED-EB2E0E7DFEF1}.Debug|Any CPU.Build.0 = Debug|Any CPU
		{759FEABA-FD59-4323-B5ED-EB2E0E7DFEF1}.Release|Any CPU.ActiveCfg = Release|Any CPU
		{759FEABA-FD59-4323-B5ED-EB2E0E7DFEF1}.Release|Any CPU.Build.0 = Release|Any CPU
		{D916113C-0FA6-041A-7000-7F5B098B3FC9}.Debug|Any CPU.ActiveCfg = Debug|Any CPU
		{D916113C-0FA6-041A-7000-7F5B098B3FC9}.Debug|Any CPU.Build.0 = Debug|Any CPU
		{D916113C-0FA6-041A-7000-7F5B098B3FC9}.Release|Any CPU.ActiveCfg = Release|Any CPU
		{D916113C-0FA6-041A-7000-7F5B098B3FC9}.Release|Any CPU.Build.0 = Release|Any CPU
		{C0313F7A-0EC0-1236-C1D5-9E894BE87AAC}.Debug|Any CPU.ActiveCfg = Debug|Any CPU
		{C0313F7A-0EC0-1236-C1D5-9E894BE87AAC}.Debug|Any CPU.Build.0 = Debug|Any CPU
		{C0313F7A-0EC0-1236-C1D5-9E894BE87AAC}.Release|Any CPU.ActiveCfg = Release|Any CPU
		{C0313F7A-0EC0-1236-C1D5-9E894BE87AAC}.Release|Any CPU.Build.0 = Release|Any CPU
		{55655842-C169-2235-5544-F0DE34F27D29}.Debug|Any CPU.ActiveCfg = Debug|Any CPU
		{55655842-C169-2235-5544-F0DE34F27D29}.Debug|Any CPU.Build.0 = Debug|Any CPU
		{55655842-C169-2235-5544-F0DE34F27D29}.Release|Any CPU.ActiveCfg = Release|Any CPU
		{55655842-C169-2235-5544-F0DE34F27D29}.Release|Any CPU.Build.0 = Release|Any CPU
		{1202AD15-1434-44AF-B7BB-C27EB3EF7035}.Debug|Any CPU.ActiveCfg = Debug|Any CPU
		{1202AD15-1434-44AF-B7BB-C27EB3EF7035}.Debug|Any CPU.Build.0 = Debug|Any CPU
		{1202AD15-1434-44AF-B7BB-C27EB3EF7035}.Release|Any CPU.ActiveCfg = Release|Any CPU
		{1202AD15-1434-44AF-B7BB-C27EB3EF7035}.Release|Any CPU.Build.0 = Release|Any CPU
		{06AE8C1E-53D9-47D6-A64E-30086AA74482}.Debug|Any CPU.ActiveCfg = Debug|Any CPU
		{06AE8C1E-53D9-47D6-A64E-30086AA74482}.Debug|Any CPU.Build.0 = Debug|Any CPU
		{06AE8C1E-53D9-47D6-A64E-30086AA74482}.Debug|Any CPU.Deploy.0 = Debug|Any CPU
		{06AE8C1E-53D9-47D6-A64E-30086AA74482}.Release|Any CPU.ActiveCfg = Release|Any CPU
		{06AE8C1E-53D9-47D6-A64E-30086AA74482}.Release|Any CPU.Build.0 = Release|Any CPU
		{06AE8C1E-53D9-47D6-A64E-30086AA74482}.Release|Any CPU.Deploy.0 = Release|Any CPU
		{86B25809-2B00-40C8-AF35-68A0568648C8}.Debug|Any CPU.ActiveCfg = Debug|Any CPU
		{86B25809-2B00-40C8-AF35-68A0568648C8}.Debug|Any CPU.Build.0 = Debug|Any CPU
		{86B25809-2B00-40C8-AF35-68A0568648C8}.Debug|Any CPU.Deploy.0 = Debug|Any CPU
		{86B25809-2B00-40C8-AF35-68A0568648C8}.Release|Any CPU.ActiveCfg = Release|Any CPU
		{86B25809-2B00-40C8-AF35-68A0568648C8}.Release|Any CPU.Build.0 = Release|Any CPU
		{86B25809-2B00-40C8-AF35-68A0568648C8}.Release|Any CPU.Deploy.0 = Release|Any CPU
		{C3C2B19C-7949-4F5A-B992-EC18E0BD2276}.Debug|Any CPU.ActiveCfg = Debug|Any CPU
		{C3C2B19C-7949-4F5A-B992-EC18E0BD2276}.Debug|Any CPU.Build.0 = Debug|Any CPU
		{C3C2B19C-7949-4F5A-B992-EC18E0BD2276}.Debug|Any CPU.Deploy.0 = Debug|Any CPU
		{C3C2B19C-7949-4F5A-B992-EC18E0BD2276}.Release|Any CPU.ActiveCfg = Release|Any CPU
		{C3C2B19C-7949-4F5A-B992-EC18E0BD2276}.Release|Any CPU.Build.0 = Release|Any CPU
		{C3C2B19C-7949-4F5A-B992-EC18E0BD2276}.Release|Any CPU.Deploy.0 = Release|Any CPU
		{D074EA7F-3616-4699-B3ED-80E265F4444D}.Debug|Any CPU.ActiveCfg = Debug|Any CPU
		{D074EA7F-3616-4699-B3ED-80E265F4444D}.Debug|Any CPU.Build.0 = Debug|Any CPU
		{D074EA7F-3616-4699-B3ED-80E265F4444D}.Release|Any CPU.ActiveCfg = Release|Any CPU
		{D074EA7F-3616-4699-B3ED-80E265F4444D}.Release|Any CPU.Build.0 = Release|Any CPU
		{485B91FB-2787-4CE5-982D-8088702ABE16}.Debug|Any CPU.ActiveCfg = Debug|Any CPU
		{485B91FB-2787-4CE5-982D-8088702ABE16}.Debug|Any CPU.Build.0 = Debug|Any CPU
		{485B91FB-2787-4CE5-982D-8088702ABE16}.Release|Any CPU.ActiveCfg = Release|Any CPU
		{485B91FB-2787-4CE5-982D-8088702ABE16}.Release|Any CPU.Build.0 = Release|Any CPU
		{02908088-7610-4987-A5B4-B089EBC5C731}.Debug|Any CPU.ActiveCfg = Debug|Any CPU
		{02908088-7610-4987-A5B4-B089EBC5C731}.Debug|Any CPU.Build.0 = Debug|Any CPU
		{02908088-7610-4987-A5B4-B089EBC5C731}.Release|Any CPU.ActiveCfg = Release|Any CPU
		{02908088-7610-4987-A5B4-B089EBC5C731}.Release|Any CPU.Build.0 = Release|Any CPU
		{7DC8F32A-6F9E-476C-992E-E30D4CD7572A}.Debug|Any CPU.ActiveCfg = Debug|Any CPU
		{7DC8F32A-6F9E-476C-992E-E30D4CD7572A}.Debug|Any CPU.Build.0 = Debug|Any CPU
		{7DC8F32A-6F9E-476C-992E-E30D4CD7572A}.Release|Any CPU.ActiveCfg = Release|Any CPU
		{7DC8F32A-6F9E-476C-992E-E30D4CD7572A}.Release|Any CPU.Build.0 = Release|Any CPU
		{0A200726-257D-4A86-8CB5-A672FEBC2D89}.Debug|Any CPU.ActiveCfg = Debug|Any CPU
		{0A200726-257D-4A86-8CB5-A672FEBC2D89}.Debug|Any CPU.Build.0 = Debug|Any CPU
		{0A200726-257D-4A86-8CB5-A672FEBC2D89}.Release|Any CPU.ActiveCfg = Release|Any CPU
		{0A200726-257D-4A86-8CB5-A672FEBC2D89}.Release|Any CPU.Build.0 = Release|Any CPU
		{66F25F57-DF98-477B-B8E6-3F028F9B34A4}.Debug|Any CPU.ActiveCfg = Debug|Any CPU
		{66F25F57-DF98-477B-B8E6-3F028F9B34A4}.Debug|Any CPU.Build.0 = Debug|Any CPU
		{66F25F57-DF98-477B-B8E6-3F028F9B34A4}.Release|Any CPU.ActiveCfg = Release|Any CPU
		{66F25F57-DF98-477B-B8E6-3F028F9B34A4}.Release|Any CPU.Build.0 = Release|Any CPU
		{66A0D24E-DD84-4EF5-8395-B6D4A86A034C}.Debug|Any CPU.ActiveCfg = Debug|Any CPU
		{66A0D24E-DD84-4EF5-8395-B6D4A86A034C}.Debug|Any CPU.Build.0 = Debug|Any CPU
		{66A0D24E-DD84-4EF5-8395-B6D4A86A034C}.Release|Any CPU.ActiveCfg = Release|Any CPU
		{66A0D24E-DD84-4EF5-8395-B6D4A86A034C}.Release|Any CPU.Build.0 = Release|Any CPU
	EndGlobalSection
	GlobalSection(SolutionProperties) = preSolution
		HideSolutionNode = FALSE
	EndGlobalSection
	GlobalSection(NestedProjects) = preSolution
		{CCD6FC42-ACCC-4E32-BA45-85468A593061} = {7FAE5C2B-89E8-47DE-B2F4-FF87E1640DCD}
		{54F67FBA-FE26-4C12-A45E-6072E60A36EF} = {02EA681E-C7D8-13C7-8484-4AC65E1B71E8}
		{FB7242B0-EBDB-43E2-A26D-D6E5B85FD70D} = {02EA681E-C7D8-13C7-8484-4AC65E1B71E8}
		{65BCA754-9CD5-47A9-880B-86B068EB799E} = {AEE4BEDF-3DE1-44A3-915C-5F5D092B75EE}
		{5DE0438D-8FB4-42D4-808D-F2FAB5FFF3E8} = {AEE4BEDF-3DE1-44A3-915C-5F5D092B75EE}
		{3E2AB5EB-51E6-42A7-A040-CF300D1A503E} = {65BCA754-9CD5-47A9-880B-86B068EB799E}
		{CFC17B4D-4855-40E7-9305-9389947D504E} = {65BCA754-9CD5-47A9-880B-86B068EB799E}
		{759FEABA-FD59-4323-B5ED-EB2E0E7DFEF1} = {65BCA754-9CD5-47A9-880B-86B068EB799E}
		{D916113C-0FA6-041A-7000-7F5B098B3FC9} = {5DE0438D-8FB4-42D4-808D-F2FAB5FFF3E8}
		{C0313F7A-0EC0-1236-C1D5-9E894BE87AAC} = {5DE0438D-8FB4-42D4-808D-F2FAB5FFF3E8}
		{55655842-C169-2235-5544-F0DE34F27D29} = {5DE0438D-8FB4-42D4-808D-F2FAB5FFF3E8}
		{1202AD15-1434-44AF-B7BB-C27EB3EF7035} = {65BCA754-9CD5-47A9-880B-86B068EB799E}
		{06AE8C1E-53D9-47D6-A64E-30086AA74482} = {845FB195-8FBC-4839-A162-035F1B424441}
		{86B25809-2B00-40C8-AF35-68A0568648C8} = {845FB195-8FBC-4839-A162-035F1B424441}
		{C3C2B19C-7949-4F5A-B992-EC18E0BD2276} = {845FB195-8FBC-4839-A162-035F1B424441}
		{421574B9-FE1F-4C52-955F-19DFFF8A0A06} = {AEE4BEDF-3DE1-44A3-915C-5F5D092B75EE}
		{D074EA7F-3616-4699-B3ED-80E265F4444D} = {421574B9-FE1F-4C52-955F-19DFFF8A0A06}
		{485B91FB-2787-4CE5-982D-8088702ABE16} = {421574B9-FE1F-4C52-955F-19DFFF8A0A06}
		{02908088-7610-4987-A5B4-B089EBC5C731} = {421574B9-FE1F-4C52-955F-19DFFF8A0A06}
		{7DC8F32A-6F9E-476C-992E-E30D4CD7572A} = {421574B9-FE1F-4C52-955F-19DFFF8A0A06}
		{0A200726-257D-4A86-8CB5-A672FEBC2D89} = {5DE0438D-8FB4-42D4-808D-F2FAB5FFF3E8}
		{66F25F57-DF98-477B-B8E6-3F028F9B34A4} = {ADF8A637-5DD8-4578-A28D-EFCC81249E6A}
		{66A0D24E-DD84-4EF5-8395-B6D4A86A034C} = {ADF8A637-5DD8-4578-A28D-EFCC81249E6A}
	EndGlobalSection
	GlobalSection(ExtensibilityGlobals) = postSolution
		SolutionGuid = {268237CC-222A-4BC6-98BC-D0037DE6A84E}
	EndGlobalSection
EndGlobal
